
Microsoft Visual Studio Solution File, Format Version 12.00
# Visual Studio Version 16
VisualStudioVersion = 16.0.29009.5
MinimumVisualStudioVersion = 10.0.40219.1
Project("{9A19103F-16F7-4668-BE54-9A1E7A4F7556}") = "Suite.Core", "Suite.Core\Suite.Core.csproj", "{2BBB4159-8AD9-48B7-A438-B72ADFDAC4D6}"
EndProject
Project("{FAE04EC0-301F-11D3-BF4B-00C04F79EFBC}") = "Suite.Core.ViewModel", "Suite.Core.ViewModel\Suite.Core.ViewModel.csproj", "{DBEA8A82-49CF-4FFE-B754-E267EF03AE2E}"
EndProject
Project("{FAE04EC0-301F-11D3-BF4B-00C04F79EFBC}") = "Suite.Core.Server", "Suite.Core.Server\Suite.Core.Server.csproj", "{6A5F39DE-D95A-4E4B-AC6A-51DACF7B1B6E}"
EndProject
Global
	GlobalSection(SolutionConfigurationPlatforms) = preSolution
		Debug|Any CPU = Debug|Any CPU
		Release|Any CPU = Release|Any CPU
	EndGlobalSection
	GlobalSection(ProjectConfigurationPlatforms) = postSolution
		{2BBB4159-8AD9-48B7-A438-B72ADFDAC4D6}.Debug|Any CPU.ActiveCfg = Debug|Any CPU
		{2BBB4159-8AD9-48B7-A438-B72ADFDAC4D6}.Debug|Any CPU.Build.0 = Debug|Any CPU
		{2BBB4159-8AD9-48B7-A438-B72ADFDAC4D6}.Release|Any CPU.ActiveCfg = Release|Any CPU
		{2BBB4159-8AD9-48B7-A438-B72ADFDAC4D6}.Release|Any CPU.Build.0 = Release|Any CPU
		{DBEA8A82-49CF-4FFE-B754-E267EF03AE2E}.Debug|Any CPU.ActiveCfg = Debug|Any CPU
		{DBEA8A82-49CF-4FFE-B754-E267EF03AE2E}.Debug|Any CPU.Build.0 = Debug|Any CPU
		{DBEA8A82-49CF-4FFE-B754-E267EF03AE2E}.Release|Any CPU.ActiveCfg = Release|Any CPU
		{DBEA8A82-49CF-4FFE-B754-E267EF03AE2E}.Release|Any CPU.Build.0 = Release|Any CPU
		{6A5F39DE-D95A-4E4B-AC6A-51DACF7B1B6E}.Debug|Any CPU.ActiveCfg = Debug|Any CPU
		{6A5F39DE-D95A-4E4B-AC6A-51DACF7B1B6E}.Debug|Any CPU.Build.0 = Debug|Any CPU
		{6A5F39DE-D95A-4E4B-AC6A-51DACF7B1B6E}.Release|Any CPU.ActiveCfg = Release|Any CPU
		{6A5F39DE-D95A-4E4B-AC6A-51DACF7B1B6E}.Release|Any CPU.Build.0 = Release|Any CPU
	EndGlobalSection
	GlobalSection(SolutionProperties) = preSolution
		HideSolutionNode = FALSE
	EndGlobalSection
	GlobalSection(ExtensibilityGlobals) = postSolution
		SolutionGuid = {4C1D9E9F-E637-4565-898E-6E5463E13438}
	EndGlobalSection
EndGlobal
