
Microsoft Visual Studio Solution File, Format Version 12.00
# Visual Studio Version 16
VisualStudioVersion = 16.0.28621.142
MinimumVisualStudioVersion = 10.0.40219.1
Project("{FAE04EC0-301F-11D3-BF4B-00C04F79EFBC}") = "Suite.Server.Services.Settings", "Suite.Server.Services.Settings\Suite.Server.Services.Settings.csproj", "{29391B8B-3C85-404E-9A94-97CA07E83B2E}"
EndProject
Global
	GlobalSection(SolutionConfigurationPlatforms) = preSolution
		Debug|Any CPU = Debug|Any CPU
		Release|Any CPU = Release|Any CPU
	EndGlobalSection
	GlobalSection(ProjectConfigurationPlatforms) = postSolution
		{29391B8B-3C85-404E-9A94-97CA07E83B2E}.Debug|Any CPU.ActiveCfg = Debug|Any CPU
		{29391B8B-3C85-404E-9A94-97CA07E83B2E}.Debug|Any CPU.Build.0 = Debug|Any CPU
		{29391B8B-3C85-404E-9A94-97CA07E83B2E}.Release|Any CPU.ActiveCfg = Release|Any CPU
		{29391B8B-3C85-404E-9A94-97CA07E83B2E}.Release|Any CPU.Build.0 = Release|Any CPU
	EndGlobalSection
	GlobalSection(SolutionProperties) = preSolution
		HideSolutionNode = FALSE
	EndGlobalSection
	GlobalSection(ExtensibilityGlobals) = postSolution
		SolutionGuid = {81311678-0112-4C3B-81E4-0D9F7AFE64DC}
	EndGlobalSection
EndGlobal
