
Microsoft Visual Studio Solution File, Format Version 12.00
# Visual Studio Version 16
VisualStudioVersion = 16.0.28705.295
MinimumVisualStudioVersion = 10.0.40219.1
Project("{FAE04EC0-301F-11D3-BF4B-00C04F79EFBC}") = "Suite.Shared.Gadget.Document", "Suite.Shared.Gadget.Document\Suite.Shared.Gadget.Document.csproj", "{748C2166-3258-477A-8E07-C572B6D960CA}"
EndProject
Global
	GlobalSection(SolutionConfigurationPlatforms) = preSolution
		Debug|Any CPU = Debug|Any CPU
		Release|Any CPU = Release|Any CPU
	EndGlobalSection
	GlobalSection(ProjectConfigurationPlatforms) = postSolution
		{748C2166-3258-477A-8E07-C572B6D960CA}.Debug|Any CPU.ActiveCfg = Debug|Any CPU
		{748C2166-3258-477A-8E07-C572B6D960CA}.Debug|Any CPU.Build.0 = Debug|Any CPU
		{748C2166-3258-477A-8E07-C572B6D960CA}.Release|Any CPU.ActiveCfg = Release|Any CPU
		{748C2166-3258-477A-8E07-C572B6D960CA}.Release|Any CPU.Build.0 = Release|Any CPU
	EndGlobalSection
	GlobalSection(SolutionProperties) = preSolution
		HideSolutionNode = FALSE
	EndGlobalSection
	GlobalSection(ExtensibilityGlobals) = postSolution
		SolutionGuid = {86AF796C-1E15-4FE1-B8D8-B9A5E6822FBB}
	EndGlobalSection
EndGlobal
