
Microsoft Visual Studio Solution File, Format Version 12.00
# Visual Studio Version 16
VisualStudioVersion = 16.0.28621.142
MinimumVisualStudioVersion = 10.0.40219.1
Project("{FAE04EC0-301F-11D3-BF4B-00C04F79EFBC}") = "Suite.Module.Settings", "Suite.Module.Settings\Suite.Module.Settings.csproj", "{20BD09FA-0029-4AC7-8F24-9F2440ED339D}"
EndProject
Project("{2150E333-8FDC-42A3-9474-1A3956D46DE8}") = "client", "client", "{0819CF5B-B7A3-4209-9575-7D53D1765BF3}"
EndProject
Project("{2150E333-8FDC-42A3-9474-1A3956D46DE8}") = "modules", "modules", "{5CC80D4C-6A6E-4DF9-915A-113EB6488B4C}"
EndProject
Project("{2150E333-8FDC-42A3-9474-1A3956D46DE8}") = "Factory", "Factory", "{1CDE31E8-6FB0-4D2F-B89E-15BFC2F7ED01}"
EndProject
Project("{FAE04EC0-301F-11D3-BF4B-00C04F79EFBC}") = "Suite.Module.Settings.Factory", "Modules\Factory\Suite.Module.Settings.Factory.csproj", "{2E294380-7C11-4A89-8D6C-B537A67F64C9}"
EndProject
Global
	GlobalSection(SolutionConfigurationPlatforms) = preSolution
		Debug|Any CPU = Debug|Any CPU
		Release|Any CPU = Release|Any CPU
	EndGlobalSection
	GlobalSection(ProjectConfigurationPlatforms) = postSolution
		{20BD09FA-0029-4AC7-8F24-9F2440ED339D}.Debug|Any CPU.ActiveCfg = Debug|Any CPU
		{20BD09FA-0029-4AC7-8F24-9F2440ED339D}.Debug|Any CPU.Build.0 = Debug|Any CPU
		{20BD09FA-0029-4AC7-8F24-9F2440ED339D}.Release|Any CPU.ActiveCfg = Release|Any CPU
		{20BD09FA-0029-4AC7-8F24-9F2440ED339D}.Release|Any CPU.Build.0 = Release|Any CPU
		{2E294380-7C11-4A89-8D6C-B537A67F64C9}.Debug|Any CPU.ActiveCfg = Debug|Any CPU
		{2E294380-7C11-4A89-8D6C-B537A67F64C9}.Debug|Any CPU.Build.0 = Debug|Any CPU
		{2E294380-7C11-4A89-8D6C-B537A67F64C9}.Release|Any CPU.ActiveCfg = Release|Any CPU
		{2E294380-7C11-4A89-8D6C-B537A67F64C9}.Release|Any CPU.Build.0 = Release|Any CPU
	EndGlobalSection
	GlobalSection(SolutionProperties) = preSolution
		HideSolutionNode = FALSE
	EndGlobalSection
	GlobalSection(NestedProjects) = preSolution
		{20BD09FA-0029-4AC7-8F24-9F2440ED339D} = {0819CF5B-B7A3-4209-9575-7D53D1765BF3}
		{1CDE31E8-6FB0-4D2F-B89E-15BFC2F7ED01} = {5CC80D4C-6A6E-4DF9-915A-113EB6488B4C}
		{2E294380-7C11-4A89-8D6C-B537A67F64C9} = {1CDE31E8-6FB0-4D2F-B89E-15BFC2F7ED01}
	EndGlobalSection
	GlobalSection(ExtensibilityGlobals) = postSolution
		SolutionGuid = {7DA976F4-4117-46D5-91BB-74AEEDD89ACC}
	EndGlobalSection
EndGlobal
