
Microsoft Visual Studio Solution File, Format Version 12.00
# Visual Studio Version 16
VisualStudioVersion = 16.0.28705.295
MinimumVisualStudioVersion = 10.0.40219.1
Project("{FAE04EC0-301F-11D3-BF4B-00C04F79EFBC}") = "Suite.Layout.Chest", "Suite.Layout.Chest\Suite.Layout.Chest.csproj", "{0A69B403-6E65-4FC4-838F-9CA47AFA917A}"
EndProject
Global
	GlobalSection(SolutionConfigurationPlatforms) = preSolution
		Debug|Any CPU = Debug|Any CPU
		Release|Any CPU = Release|Any CPU
	EndGlobalSection
	GlobalSection(ProjectConfigurationPlatforms) = postSolution
		{0A69B403-6E65-4FC4-838F-9CA47AFA917A}.Debug|Any CPU.ActiveCfg = Debug|Any CPU
		{0A69B403-6E65-4FC4-838F-9CA47AFA917A}.Debug|Any CPU.Build.0 = Debug|Any CPU
		{0A69B403-6E65-4FC4-838F-9CA47AFA917A}.Release|Any CPU.ActiveCfg = Release|Any CPU
		{0A69B403-6E65-4FC4-838F-9CA47AFA917A}.Release|Any CPU.Build.0 = Release|Any CPU
	EndGlobalSection
	GlobalSection(SolutionProperties) = preSolution
		HideSolutionNode = FALSE
	EndGlobalSection
	GlobalSection(ExtensibilityGlobals) = postSolution
		SolutionGuid = {120983F8-249B-43B6-80BD-03C924062DEE}
	EndGlobalSection
EndGlobal
