
Microsoft Visual Studio Solution File, Format Version 12.00
# Visual Studio Version 16
VisualStudioVersion = 16.0.28621.142
MinimumVisualStudioVersion = 10.0.40219.1
Project("{FAE04EC0-301F-11D3-BF4B-00C04F79EFBC}") = "Suite.Server.Context.Component", "Suite.Server.Context.Component\Suite.Server.Context.Component.csproj", "{6A7E5FF2-73C2-465A-85B7-3A5BA53ADE69}"
EndProject
Global
	GlobalSection(SolutionConfigurationPlatforms) = preSolution
		Debug|Any CPU = Debug|Any CPU
		Release|Any CPU = Release|Any CPU
	EndGlobalSection
	GlobalSection(ProjectConfigurationPlatforms) = postSolution
		{6A7E5FF2-73C2-465A-85B7-3A5BA53ADE69}.Debug|Any CPU.ActiveCfg = Debug|Any CPU
		{6A7E5FF2-73C2-465A-85B7-3A5BA53ADE69}.Debug|Any CPU.Build.0 = Debug|Any CPU
		{6A7E5FF2-73C2-465A-85B7-3A5BA53ADE69}.Release|Any CPU.ActiveCfg = Release|Any CPU
		{6A7E5FF2-73C2-465A-85B7-3A5BA53ADE69}.Release|Any CPU.Build.0 = Release|Any CPU
	EndGlobalSection
	GlobalSection(SolutionProperties) = preSolution
		HideSolutionNode = FALSE
	EndGlobalSection
	GlobalSection(ExtensibilityGlobals) = postSolution
		SolutionGuid = {D7D27D6C-1BAB-44F5-8619-4DC654CECD8D}
	EndGlobalSection
EndGlobal
